// !$*UTF8*$!
{
	archiveVersion = 1;
	classes = {
	};
	objectVersion = 52;
	objects = {

/* Begin PBXBuildFile section */
		7A3F451025D9303B006158B2 /* ExpenseTrackerApp.swift in Sources */ = {isa = PBXBuildFile; fileRef = 7A3F450F25D9303B006158B2 /* ExpenseTrackerApp.swift */; };
		7A3F451225D9303B006158B2 /* ContentView1.swift in Sources */ = {isa = PBXBuildFile; fileRef = 7A3F451125D9303B006158B2 /* ContentView1.swift */; };
		7A3F451425D9303D006158B2 /* Assets.xcassets in Resources */ = {isa = PBXBuildFile; fileRef = 7A3F451325D9303D006158B2 /* Assets.xcassets */; };
		7A3F451725D9303D006158B2 /* Preview Assets.xcassets in Resources */ = {isa = PBXBuildFile; fileRef = 7A3F451625D9303D006158B2 /* Preview Assets.xcassets */; };
		7A3F451925D9303D006158B2 /* Persistence.swift in Sources */ = {isa = PBXBuildFile; fileRef = 7A3F451825D9303D006158B2 /* Persistence.swift */; };
		7A3F451C25D9303D006158B2 /* ExpenseTracker.xcdatamodeld in Sources */ = {isa = PBXBuildFile; fileRef = 7A3F451A25D9303D006158B2 /* ExpenseTracker.xcdatamodeld */; };
		7A3F452725D9303D006158B2 /* ExpenseTrackerTests.swift in Sources */ = {isa = PBXBuildFile; fileRef = 7A3F452625D9303D006158B2 /* ExpenseTrackerTests.swift */; };
		7A3F453225D9303D006158B2 /* ExpenseTrackerUITests.swift in Sources */ = {isa = PBXBuildFile; fileRef = 7A3F453125D9303D006158B2 /* ExpenseTrackerUITests.swift */; };
		7A3F454625D930BC006158B2 /* ContentView.swift in Sources */ = {isa = PBXBuildFile; fileRef = 7A3F454525D930BC006158B2 /* ContentView.swift */; };
		7A3F455325D932A1006158B2 /* ScannerView.swift in Sources */ = {isa = PBXBuildFile; fileRef = 7A3F455225D932A1006158B2 /* ScannerView.swift */; };
		7A3F455825D935ED006158B2 /* ScanView.swift in Sources */ = {isa = PBXBuildFile; fileRef = 7A3F455725D935ED006158B2 /* ScanView.swift */; };
		7A787787263AA55D0038C34D /* Model.swift in Sources */ = {isa = PBXBuildFile; fileRef = 7A787786263AA55D0038C34D /* Model.swift */; };
		7A787789263AAA0B0038C34D /* TestSaveView.swift in Sources */ = {isa = PBXBuildFile; fileRef = 7A787788263AAA0B0038C34D /* TestSaveView.swift */; };
		7A78778D263AAA3C0038C34D /* AddRecordViewModel.swift in Sources */ = {isa = PBXBuildFile; fileRef = 7A78778C263AAA3C0038C34D /* AddRecordViewModel.swift */; };
		7A787790263ABDA40038C34D /* PrefilledData.swift in Sources */ = {isa = PBXBuildFile; fileRef = 7A78778F263ABDA40038C34D /* PrefilledData.swift */; };
		7A787792263AC4430038C34D /* Extension.swift in Sources */ = {isa = PBXBuildFile; fileRef = 7A787791263AC4430038C34D /* Extension.swift */; };
		7ABB1597263AA4AF00DD41EC /* Realm in Frameworks */ = {isa = PBXBuildFile; productRef = 7ABB1596263AA4AF00DD41EC /* Realm */; };
		7ABB1599263AA4AF00DD41EC /* RealmSwift in Frameworks */ = {isa = PBXBuildFile; productRef = 7ABB1598263AA4AF00DD41EC /* RealmSwift */; };
/* End PBXBuildFile section */

/* Begin PBXContainerItemProxy section */
		7A3F452325D9303D006158B2 /* PBXContainerItemProxy */ = {
			isa = PBXContainerItemProxy;
			containerPortal = 7A3F450425D9303B006158B2 /* Project object */;
			proxyType = 1;
			remoteGlobalIDString = 7A3F450B25D9303B006158B2;
			remoteInfo = ExpenseTracker;
		};
		7A3F452E25D9303D006158B2 /* PBXContainerItemProxy */ = {
			isa = PBXContainerItemProxy;
			containerPortal = 7A3F450425D9303B006158B2 /* Project object */;
			proxyType = 1;
			remoteGlobalIDString = 7A3F450B25D9303B006158B2;
			remoteInfo = ExpenseTracker;
		};
/* End PBXContainerItemProxy section */

/* Begin PBXFileReference section */
		7A3F450C25D9303B006158B2 /* ExpenseTracker.app */ = {isa = PBXFileReference; explicitFileType = wrapper.application; includeInIndex = 0; path = ExpenseTracker.app; sourceTree = BUILT_PRODUCTS_DIR; };
		7A3F450F25D9303B006158B2 /* ExpenseTrackerApp.swift */ = {isa = PBXFileReference; lastKnownFileType = sourcecode.swift; path = ExpenseTrackerApp.swift; sourceTree = "<group>"; };
		7A3F451125D9303B006158B2 /* ContentView1.swift */ = {isa = PBXFileReference; lastKnownFileType = sourcecode.swift; path = ContentView1.swift; sourceTree = "<group>"; };
		7A3F451325D9303D006158B2 /* Assets.xcassets */ = {isa = PBXFileReference; lastKnownFileType = folder.assetcatalog; path = Assets.xcassets; sourceTree = "<group>"; };
		7A3F451625D9303D006158B2 /* Preview Assets.xcassets */ = {isa = PBXFileReference; lastKnownFileType = folder.assetcatalog; path = "Preview Assets.xcassets"; sourceTree = "<group>"; };
		7A3F451825D9303D006158B2 /* Persistence.swift */ = {isa = PBXFileReference; lastKnownFileType = sourcecode.swift; path = Persistence.swift; sourceTree = "<group>"; };
		7A3F451B25D9303D006158B2 /* ExpenseTracker.xcdatamodel */ = {isa = PBXFileReference; lastKnownFileType = wrapper.xcdatamodel; path = ExpenseTracker.xcdatamodel; sourceTree = "<group>"; };
		7A3F451D25D9303D006158B2 /* Info.plist */ = {isa = PBXFileReference; lastKnownFileType = text.plist.xml; path = Info.plist; sourceTree = "<group>"; };
		7A3F452225D9303D006158B2 /* ExpenseTrackerTests.xctest */ = {isa = PBXFileReference; explicitFileType = wrapper.cfbundle; includeInIndex = 0; path = ExpenseTrackerTests.xctest; sourceTree = BUILT_PRODUCTS_DIR; };
		7A3F452625D9303D006158B2 /* ExpenseTrackerTests.swift */ = {isa = PBXFileReference; lastKnownFileType = sourcecode.swift; path = ExpenseTrackerTests.swift; sourceTree = "<group>"; };
		7A3F452825D9303D006158B2 /* Info.plist */ = {isa = PBXFileReference; lastKnownFileType = text.plist.xml; path = Info.plist; sourceTree = "<group>"; };
		7A3F452D25D9303D006158B2 /* ExpenseTrackerUITests.xctest */ = {isa = PBXFileReference; explicitFileType = wrapper.cfbundle; includeInIndex = 0; path = ExpenseTrackerUITests.xctest; sourceTree = BUILT_PRODUCTS_DIR; };
		7A3F453125D9303D006158B2 /* ExpenseTrackerUITests.swift */ = {isa = PBXFileReference; lastKnownFileType = sourcecode.swift; path = ExpenseTrackerUITests.swift; sourceTree = "<group>"; };
		7A3F453325D9303D006158B2 /* Info.plist */ = {isa = PBXFileReference; lastKnownFileType = text.plist.xml; path = Info.plist; sourceTree = "<group>"; };
		7A3F454525D930BC006158B2 /* ContentView.swift */ = {isa = PBXFileReference; lastKnownFileType = sourcecode.swift; path = ContentView.swift; sourceTree = "<group>"; };
		7A3F455225D932A1006158B2 /* ScannerView.swift */ = {isa = PBXFileReference; lastKnownFileType = sourcecode.swift; path = ScannerView.swift; sourceTree = "<group>"; };
		7A3F455725D935ED006158B2 /* ScanView.swift */ = {isa = PBXFileReference; lastKnownFileType = sourcecode.swift; path = ScanView.swift; sourceTree = "<group>"; };
		7A787786263AA55D0038C34D /* Model.swift */ = {isa = PBXFileReference; lastKnownFileType = sourcecode.swift; path = Model.swift; sourceTree = "<group>"; };
		7A787788263AAA0B0038C34D /* TestSaveView.swift */ = {isa = PBXFileReference; lastKnownFileType = sourcecode.swift; path = TestSaveView.swift; sourceTree = "<group>"; };
		7A78778C263AAA3C0038C34D /* AddRecordViewModel.swift */ = {isa = PBXFileReference; lastKnownFileType = sourcecode.swift; path = AddRecordViewModel.swift; sourceTree = "<group>"; };
		7A78778F263ABDA40038C34D /* PrefilledData.swift */ = {isa = PBXFileReference; lastKnownFileType = sourcecode.swift; path = PrefilledData.swift; sourceTree = "<group>"; };
		7A787791263AC4430038C34D /* Extension.swift */ = {isa = PBXFileReference; lastKnownFileType = sourcecode.swift; path = Extension.swift; sourceTree = "<group>"; };
/* End PBXFileReference section */

/* Begin PBXFrameworksBuildPhase section */
		7A3F450925D9303B006158B2 /* Frameworks */ = {
			isa = PBXFrameworksBuildPhase;
			buildActionMask = 2147483647;
			files = (
				7ABB1599263AA4AF00DD41EC /* RealmSwift in Frameworks */,
				7ABB1597263AA4AF00DD41EC /* Realm in Frameworks */,
			);
			runOnlyForDeploymentPostprocessing = 0;
		};
		7A3F451F25D9303D006158B2 /* Frameworks */ = {
			isa = PBXFrameworksBuildPhase;
			buildActionMask = 2147483647;
			files = (
			);
			runOnlyForDeploymentPostprocessing = 0;
		};
		7A3F452A25D9303D006158B2 /* Frameworks */ = {
			isa = PBXFrameworksBuildPhase;
			buildActionMask = 2147483647;
			files = (
			);
			runOnlyForDeploymentPostprocessing = 0;
		};
/* End PBXFrameworksBuildPhase section */

/* Begin PBXGroup section */
		7A3F450325D9303B006158B2 = {
			isa = PBXGroup;
			children = (
				7A3F450E25D9303B006158B2 /* ExpenseTracker */,
				7A3F452525D9303D006158B2 /* ExpenseTrackerTests */,
				7A3F453025D9303D006158B2 /* ExpenseTrackerUITests */,
				7A3F450D25D9303B006158B2 /* Products */,
			);
			sourceTree = "<group>";
		};
		7A3F450D25D9303B006158B2 /* Products */ = {
			isa = PBXGroup;
			children = (
				7A3F450C25D9303B006158B2 /* ExpenseTracker.app */,
				7A3F452225D9303D006158B2 /* ExpenseTrackerTests.xctest */,
				7A3F452D25D9303D006158B2 /* ExpenseTrackerUITests.xctest */,
			);
			name = Products;
			sourceTree = "<group>";
		};
		7A3F450E25D9303B006158B2 /* ExpenseTracker */ = {
			isa = PBXGroup;
			children = (
				7A3F450F25D9303B006158B2 /* ExpenseTrackerApp.swift */,
				7A3F454B25D930D2006158B2 /* Resource */,
				7A3F454E25D930ED006158B2 /* Model */,
				7A3F454D25D930E6006158B2 /* View Model */,
				7A3F454A25D930C5006158B2 /* View */,
				7A3F451325D9303D006158B2 /* Assets.xcassets */,
				7A3F451825D9303D006158B2 /* Persistence.swift */,
				7A3F451D25D9303D006158B2 /* Info.plist */,
				7A3F451A25D9303D006158B2 /* ExpenseTracker.xcdatamodeld */,
				7A3F451525D9303D006158B2 /* Preview Content */,
			);
			path = ExpenseTracker;
			sourceTree = "<group>";
		};
		7A3F451525D9303D006158B2 /* Preview Content */ = {
			isa = PBXGroup;
			children = (
				7A3F451625D9303D006158B2 /* Preview Assets.xcassets */,
			);
			path = "Preview Content";
			sourceTree = "<group>";
		};
		7A3F452525D9303D006158B2 /* ExpenseTrackerTests */ = {
			isa = PBXGroup;
			children = (
				7A3F452625D9303D006158B2 /* ExpenseTrackerTests.swift */,
				7A3F452825D9303D006158B2 /* Info.plist */,
			);
			path = ExpenseTrackerTests;
			sourceTree = "<group>";
		};
		7A3F453025D9303D006158B2 /* ExpenseTrackerUITests */ = {
			isa = PBXGroup;
			children = (
				7A3F453125D9303D006158B2 /* ExpenseTrackerUITests.swift */,
				7A3F453325D9303D006158B2 /* Info.plist */,
			);
			path = ExpenseTrackerUITests;
			sourceTree = "<group>";
		};
		7A3F454A25D930C5006158B2 /* View */ = {
			isa = PBXGroup;
			children = (
				7A3F454525D930BC006158B2 /* ContentView.swift */,
				7A3F451125D9303B006158B2 /* ContentView1.swift */,
				7A3F455225D932A1006158B2 /* ScannerView.swift */,
				7A3F455725D935ED006158B2 /* ScanView.swift */,
				7A78778E263AAE980038C34D /* Test */,
			);
			path = View;
			sourceTree = "<group>";
		};
		7A3F454B25D930D2006158B2 /* Resource */ = {
			isa = PBXGroup;
			children = (
				7A78778F263ABDA40038C34D /* PrefilledData.swift */,
				7A787791263AC4430038C34D /* Extension.swift */,
			);
			path = Resource;
			sourceTree = "<group>";
		};
		7A3F454D25D930E6006158B2 /* View Model */ = {
			isa = PBXGroup;
			children = (
				7A78778C263AAA3C0038C34D /* AddRecordViewModel.swift */,
			);
			path = "View Model";
			sourceTree = "<group>";
		};
		7A3F454E25D930ED006158B2 /* Model */ = {
			isa = PBXGroup;
			children = (
				7A787786263AA55D0038C34D /* Model.swift */,
			);
			path = Model;
			sourceTree = "<group>";
		};
		7A78778E263AAE980038C34D /* Test */ = {
			isa = PBXGroup;
			children = (
				7A787788263AAA0B0038C34D /* TestSaveView.swift */,
			);
			path = Test;
			sourceTree = "<group>";
		};
/* End PBXGroup section */

/* Begin PBXNativeTarget section */
		7A3F450B25D9303B006158B2 /* ExpenseTracker */ = {
			isa = PBXNativeTarget;
			buildConfigurationList = 7A3F453625D9303D006158B2 /* Build configuration list for PBXNativeTarget "ExpenseTracker" */;
			buildPhases = (
				7A3F450825D9303B006158B2 /* Sources */,
				7A3F450925D9303B006158B2 /* Frameworks */,
				7A3F450A25D9303B006158B2 /* Resources */,
			);
			buildRules = (
			);
			dependencies = (
			);
			name = ExpenseTracker;
			packageProductDependencies = (
				7ABB1596263AA4AF00DD41EC /* Realm */,
				7ABB1598263AA4AF00DD41EC /* RealmSwift */,
			);
			productName = ExpenseTracker;
			productReference = 7A3F450C25D9303B006158B2 /* ExpenseTracker.app */;
			productType = "com.apple.product-type.application";
		};
		7A3F452125D9303D006158B2 /* ExpenseTrackerTests */ = {
			isa = PBXNativeTarget;
			buildConfigurationList = 7A3F453925D9303D006158B2 /* Build configuration list for PBXNativeTarget "ExpenseTrackerTests" */;
			buildPhases = (
				7A3F451E25D9303D006158B2 /* Sources */,
				7A3F451F25D9303D006158B2 /* Frameworks */,
				7A3F452025D9303D006158B2 /* Resources */,
			);
			buildRules = (
			);
			dependencies = (
				7A3F452425D9303D006158B2 /* PBXTargetDependency */,
			);
			name = ExpenseTrackerTests;
			productName = ExpenseTrackerTests;
			productReference = 7A3F452225D9303D006158B2 /* ExpenseTrackerTests.xctest */;
			productType = "com.apple.product-type.bundle.unit-test";
		};
		7A3F452C25D9303D006158B2 /* ExpenseTrackerUITests */ = {
			isa = PBXNativeTarget;
			buildConfigurationList = 7A3F453C25D9303D006158B2 /* Build configuration list for PBXNativeTarget "ExpenseTrackerUITests" */;
			buildPhases = (
				7A3F452925D9303D006158B2 /* Sources */,
				7A3F452A25D9303D006158B2 /* Frameworks */,
				7A3F452B25D9303D006158B2 /* Resources */,
			);
			buildRules = (
			);
			dependencies = (
				7A3F452F25D9303D006158B2 /* PBXTargetDependency */,
			);
			name = ExpenseTrackerUITests;
			productName = ExpenseTrackerUITests;
			productReference = 7A3F452D25D9303D006158B2 /* ExpenseTrackerUITests.xctest */;
			productType = "com.apple.product-type.bundle.ui-testing";
		};
/* End PBXNativeTarget section */

/* Begin PBXProject section */
		7A3F450425D9303B006158B2 /* Project object */ = {
			isa = PBXProject;
			attributes = {
				LastSwiftUpdateCheck = 1240;
				LastUpgradeCheck = 1240;
				TargetAttributes = {
					7A3F450B25D9303B006158B2 = {
						CreatedOnToolsVersion = 12.4;
					};
					7A3F452125D9303D006158B2 = {
						CreatedOnToolsVersion = 12.4;
						TestTargetID = 7A3F450B25D9303B006158B2;
					};
					7A3F452C25D9303D006158B2 = {
						CreatedOnToolsVersion = 12.4;
						TestTargetID = 7A3F450B25D9303B006158B2;
					};
				};
			};
			buildConfigurationList = 7A3F450725D9303B006158B2 /* Build configuration list for PBXProject "ExpenseTracker" */;
			compatibilityVersion = "Xcode 9.3";
			developmentRegion = en;
			hasScannedForEncodings = 0;
			knownRegions = (
				en,
				Base,
			);
			mainGroup = 7A3F450325D9303B006158B2;
			packageReferences = (
				7ABB1595263AA4AF00DD41EC /* XCRemoteSwiftPackageReference "realm-cocoa" */,
			);
			productRefGroup = 7A3F450D25D9303B006158B2 /* Products */;
			projectDirPath = "";
			projectRoot = "";
			targets = (
				7A3F450B25D9303B006158B2 /* ExpenseTracker */,
				7A3F452125D9303D006158B2 /* ExpenseTrackerTests */,
				7A3F452C25D9303D006158B2 /* ExpenseTrackerUITests */,
			);
		};
/* End PBXProject section */

/* Begin PBXResourcesBuildPhase section */
		7A3F450A25D9303B006158B2 /* Resources */ = {
			isa = PBXResourcesBuildPhase;
			buildActionMask = 2147483647;
			files = (
				7A3F451725D9303D006158B2 /* Preview Assets.xcassets in Resources */,
				7A3F451425D9303D006158B2 /* Assets.xcassets in Resources */,
			);
			runOnlyForDeploymentPostprocessing = 0;
		};
		7A3F452025D9303D006158B2 /* Resources */ = {
			isa = PBXResourcesBuildPhase;
			buildActionMask = 2147483647;
			files = (
			);
			runOnlyForDeploymentPostprocessing = 0;
		};
		7A3F452B25D9303D006158B2 /* Resources */ = {
			isa = PBXResourcesBuildPhase;
			buildActionMask = 2147483647;
			files = (
			);
			runOnlyForDeploymentPostprocessing = 0;
		};
/* End PBXResourcesBuildPhase section */

/* Begin PBXSourcesBuildPhase section */
		7A3F450825D9303B006158B2 /* Sources */ = {
			isa = PBXSourcesBuildPhase;
			buildActionMask = 2147483647;
			files = (
				7A787789263AAA0B0038C34D /* TestSaveView.swift in Sources */,
				7A3F455825D935ED006158B2 /* ScanView.swift in Sources */,
				7A3F451925D9303D006158B2 /* Persistence.swift in Sources */,
				7A787792263AC4430038C34D /* Extension.swift in Sources */,
				7A78778D263AAA3C0038C34D /* AddRecordViewModel.swift in Sources */,
				7A3F454625D930BC006158B2 /* ContentView.swift in Sources */,
				7A3F451225D9303B006158B2 /* ContentView1.swift in Sources */,
				7A3F455325D932A1006158B2 /* ScannerView.swift in Sources */,
				7A3F451025D9303B006158B2 /* ExpenseTrackerApp.swift in Sources */,
				7A3F451C25D9303D006158B2 /* ExpenseTracker.xcdatamodeld in Sources */,
				7A787787263AA55D0038C34D /* Model.swift in Sources */,
				7A787790263ABDA40038C34D /* PrefilledData.swift in Sources */,
			);
			runOnlyForDeploymentPostprocessing = 0;
		};
		7A3F451E25D9303D006158B2 /* Sources */ = {
			isa = PBXSourcesBuildPhase;
			buildActionMask = 2147483647;
			files = (
				7A3F452725D9303D006158B2 /* ExpenseTrackerTests.swift in Sources */,
			);
			runOnlyForDeploymentPostprocessing = 0;
		};
		7A3F452925D9303D006158B2 /* Sources */ = {
			isa = PBXSourcesBuildPhase;
			buildActionMask = 2147483647;
			files = (
				7A3F453225D9303D006158B2 /* ExpenseTrackerUITests.swift in Sources */,
			);
			runOnlyForDeploymentPostprocessing = 0;
		};
/* End PBXSourcesBuildPhase section */

/* Begin PBXTargetDependency section */
		7A3F452425D9303D006158B2 /* PBXTargetDependency */ = {
			isa = PBXTargetDependency;
			target = 7A3F450B25D9303B006158B2 /* ExpenseTracker */;
			targetProxy = 7A3F452325D9303D006158B2 /* PBXContainerItemProxy */;
		};
		7A3F452F25D9303D006158B2 /* PBXTargetDependency */ = {
			isa = PBXTargetDependency;
			target = 7A3F450B25D9303B006158B2 /* ExpenseTracker */;
			targetProxy = 7A3F452E25D9303D006158B2 /* PBXContainerItemProxy */;
		};
/* End PBXTargetDependency section */

/* Begin XCBuildConfiguration section */
		7A3F453425D9303D006158B2 /* Debug */ = {
			isa = XCBuildConfiguration;
			buildSettings = {
				ALWAYS_SEARCH_USER_PATHS = NO;
				CLANG_ANALYZER_NONNULL = YES;
				CLANG_ANALYZER_NUMBER_OBJECT_CONVERSION = YES_AGGRESSIVE;
				CLANG_CXX_LANGUAGE_STANDARD = "gnu++14";
				CLANG_CXX_LIBRARY = "libc++";
				CLANG_ENABLE_MODULES = YES;
				CLANG_ENABLE_OBJC_ARC = YES;
				CLANG_ENABLE_OBJC_WEAK = YES;
				CLANG_WARN_BLOCK_CAPTURE_AUTORELEASING = YES;
				CLANG_WARN_BOOL_CONVERSION = YES;
				CLANG_WARN_COMMA = YES;
				CLANG_WARN_CONSTANT_CONVERSION = YES;
				CLANG_WARN_DEPRECATED_OBJC_IMPLEMENTATIONS = YES;
				CLANG_WARN_DIRECT_OBJC_ISA_USAGE = YES_ERROR;
				CLANG_WARN_DOCUMENTATION_COMMENTS = YES;
				CLANG_WARN_EMPTY_BODY = YES;
				CLANG_WARN_ENUM_CONVERSION = YES;
				CLANG_WARN_INFINITE_RECURSION = YES;
				CLANG_WARN_INT_CONVERSION = YES;
				CLANG_WARN_NON_LITERAL_NULL_CONVERSION = YES;
				CLANG_WARN_OBJC_IMPLICIT_RETAIN_SELF = YES;
				CLANG_WARN_OBJC_LITERAL_CONVERSION = YES;
				CLANG_WARN_OBJC_ROOT_CLASS = YES_ERROR;
				CLANG_WARN_QUOTED_INCLUDE_IN_FRAMEWORK_HEADER = YES;
				CLANG_WARN_RANGE_LOOP_ANALYSIS = YES;
				CLANG_WARN_STRICT_PROTOTYPES = YES;
				CLANG_WARN_SUSPICIOUS_MOVE = YES;
				CLANG_WARN_UNGUARDED_AVAILABILITY = YES_AGGRESSIVE;
				CLANG_WARN_UNREACHABLE_CODE = YES;
				CLANG_WARN__DUPLICATE_METHOD_MATCH = YES;
				COPY_PHASE_STRIP = NO;
				DEBUG_INFORMATION_FORMAT = dwarf;
				ENABLE_STRICT_OBJC_MSGSEND = YES;
				ENABLE_TESTABILITY = YES;
				GCC_C_LANGUAGE_STANDARD = gnu11;
				GCC_DYNAMIC_NO_PIC = NO;
				GCC_NO_COMMON_BLOCKS = YES;
				GCC_OPTIMIZATION_LEVEL = 0;
				GCC_PREPROCESSOR_DEFINITIONS = (
					"DEBUG=1",
					"$(inherited)",
				);
				GCC_WARN_64_TO_32_BIT_CONVERSION = YES;
				GCC_WARN_ABOUT_RETURN_TYPE = YES_ERROR;
				GCC_WARN_UNDECLARED_SELECTOR = YES;
				GCC_WARN_UNINITIALIZED_AUTOS = YES_AGGRESSIVE;
				GCC_WARN_UNUSED_FUNCTION = YES;
				GCC_WARN_UNUSED_VARIABLE = YES;
				IPHONEOS_DEPLOYMENT_TARGET = 14.4;
				MTL_ENABLE_DEBUG_INFO = INCLUDE_SOURCE;
				MTL_FAST_MATH = YES;
				ONLY_ACTIVE_ARCH = YES;
				SDKROOT = iphoneos;
				SWIFT_ACTIVE_COMPILATION_CONDITIONS = DEBUG;
				SWIFT_OPTIMIZATION_LEVEL = "-Onone";
			};
			name = Debug;
		};
		7A3F453525D9303D006158B2 /* Release */ = {
			isa = XCBuildConfiguration;
			buildSettings = {
				ALWAYS_SEARCH_USER_PATHS = NO;
				CLANG_ANALYZER_NONNULL = YES;
				CLANG_ANALYZER_NUMBER_OBJECT_CONVERSION = YES_AGGRESSIVE;
				CLANG_CXX_LANGUAGE_STANDARD = "gnu++14";
				CLANG_CXX_LIBRARY = "libc++";
				CLANG_ENABLE_MODULES = YES;
				CLANG_ENABLE_OBJC_ARC = YES;
				CLANG_ENABLE_OBJC_WEAK = YES;
				CLANG_WARN_BLOCK_CAPTURE_AUTORELEASING = YES;
				CLANG_WARN_BOOL_CONVERSION = YES;
				CLANG_WARN_COMMA = YES;
				CLANG_WARN_CONSTANT_CONVERSION = YES;
				CLANG_WARN_DEPRECATED_OBJC_IMPLEMENTATIONS = YES;
				CLANG_WARN_DIRECT_OBJC_ISA_USAGE = YES_ERROR;
				CLANG_WARN_DOCUMENTATION_COMMENTS = YES;
				CLANG_WARN_EMPTY_BODY = YES;
				CLANG_WARN_ENUM_CONVERSION = YES;
				CLANG_WARN_INFINITE_RECURSION = YES;
				CLANG_WARN_INT_CONVERSION = YES;
				CLANG_WARN_NON_LITERAL_NULL_CONVERSION = YES;
				CLANG_WARN_OBJC_IMPLICIT_RETAIN_SELF = YES;
				CLANG_WARN_OBJC_LITERAL_CONVERSION = YES;
				CLANG_WARN_OBJC_ROOT_CLASS = YES_ERROR;
				CLANG_WARN_QUOTED_INCLUDE_IN_FRAMEWORK_HEADER = YES;
				CLANG_WARN_RANGE_LOOP_ANALYSIS = YES;
				CLANG_WARN_STRICT_PROTOTYPES = YES;
				CLANG_WARN_SUSPICIOUS_MOVE = YES;
				CLANG_WARN_UNGUARDED_AVAILABILITY = YES_AGGRESSIVE;
				CLANG_WARN_UNREACHABLE_CODE = YES;
				CLANG_WARN__DUPLICATE_METHOD_MATCH = YES;
				COPY_PHASE_STRIP = NO;
				DEBUG_INFORMATION_FORMAT = "dwarf-with-dsym";
				ENABLE_NS_ASSERTIONS = NO;
				ENABLE_STRICT_OBJC_MSGSEND = YES;
				GCC_C_LANGUAGE_STANDARD = gnu11;
				GCC_NO_COMMON_BLOCKS = YES;
				GCC_WARN_64_TO_32_BIT_CONVERSION = YES;
				GCC_WARN_ABOUT_RETURN_TYPE = YES_ERROR;
				GCC_WARN_UNDECLARED_SELECTOR = YES;
				GCC_WARN_UNINITIALIZED_AUTOS = YES_AGGRESSIVE;
				GCC_WARN_UNUSED_FUNCTION = YES;
				GCC_WARN_UNUSED_VARIABLE = YES;
				IPHONEOS_DEPLOYMENT_TARGET = 14.4;
				MTL_ENABLE_DEBUG_INFO = NO;
				MTL_FAST_MATH = YES;
				SDKROOT = iphoneos;
				SWIFT_COMPILATION_MODE = wholemodule;
				SWIFT_OPTIMIZATION_LEVEL = "-O";
				VALIDATE_PRODUCT = YES;
			};
			name = Release;
		};
		7A3F453725D9303D006158B2 /* Debug */ = {
			isa = XCBuildConfiguration;
			buildSettings = {
				ASSETCATALOG_COMPILER_APPICON_NAME = AppIcon;
				ASSETCATALOG_COMPILER_GLOBAL_ACCENT_COLOR_NAME = AccentColor;
				CODE_SIGN_STYLE = Automatic;
				DEVELOPMENT_ASSET_PATHS = "\"ExpenseTracker/Preview Content\"";
				DEVELOPMENT_TEAM = 497N7524MA;
				ENABLE_PREVIEWS = YES;
				INFOPLIST_FILE = ExpenseTracker/Info.plist;
				IPHONEOS_DEPLOYMENT_TARGET = 14.0;
				LD_RUNPATH_SEARCH_PATHS = (
					"$(inherited)",
					"@executable_path/Frameworks",
				);
				PRODUCT_BUNDLE_IDENTIFIER = com.williamsantoso.ExpenseTracker;
				PRODUCT_NAME = "$(TARGET_NAME)";
				SWIFT_VERSION = 5.0;
				TARGETED_DEVICE_FAMILY = "1,2";
			};
			name = Debug;
		};
		7A3F453825D9303D006158B2 /* Release */ = {
			isa = XCBuildConfiguration;
			buildSettings = {
				ASSETCATALOG_COMPILER_APPICON_NAME = AppIcon;
				ASSETCATALOG_COMPILER_GLOBAL_ACCENT_COLOR_NAME = AccentColor;
				CODE_SIGN_STYLE = Automatic;
				DEVELOPMENT_ASSET_PATHS = "\"ExpenseTracker/Preview Content\"";
				DEVELOPMENT_TEAM = 497N7524MA;
				ENABLE_PREVIEWS = YES;
				INFOPLIST_FILE = ExpenseTracker/Info.plist;
				IPHONEOS_DEPLOYMENT_TARGET = 14.0;
				LD_RUNPATH_SEARCH_PATHS = (
					"$(inherited)",
					"@executable_path/Frameworks",
				);
				PRODUCT_BUNDLE_IDENTIFIER = com.williamsantoso.ExpenseTracker;
				PRODUCT_NAME = "$(TARGET_NAME)";
				SWIFT_VERSION = 5.0;
				TARGETED_DEVICE_FAMILY = "1,2";
			};
			name = Release;
		};
		7A3F453A25D9303D006158B2 /* Debug */ = {
			isa = XCBuildConfiguration;
			buildSettings = {
				ALWAYS_EMBED_SWIFT_STANDARD_LIBRARIES = YES;
				BUNDLE_LOADER = "$(TEST_HOST)";
				CODE_SIGN_STYLE = Automatic;
				DEVELOPMENT_TEAM = 497N7524MA;
				INFOPLIST_FILE = ExpenseTrackerTests/Info.plist;
				IPHONEOS_DEPLOYMENT_TARGET = 14.0;
				LD_RUNPATH_SEARCH_PATHS = (
					"$(inherited)",
					"@executable_path/Frameworks",
					"@loader_path/Frameworks",
				);
				PRODUCT_BUNDLE_IDENTIFIER = com.williamsantoso.ExpenseTrackerTests;
				PRODUCT_NAME = "$(TARGET_NAME)";
				SWIFT_VERSION = 5.0;
				TARGETED_DEVICE_FAMILY = "1,2";
				TEST_HOST = "$(BUILT_PRODUCTS_DIR)/ExpenseTracker.app/ExpenseTracker";
			};
			name = Debug;
		};
		7A3F453B25D9303D006158B2 /* Release */ = {
			isa = XCBuildConfiguration;
			buildSettings = {
				ALWAYS_EMBED_SWIFT_STANDARD_LIBRARIES = YES;
				BUNDLE_LOADER = "$(TEST_HOST)";
				CODE_SIGN_STYLE = Automatic;
				DEVELOPMENT_TEAM = 497N7524MA;
				INFOPLIST_FILE = ExpenseTrackerTests/Info.plist;
				IPHONEOS_DEPLOYMENT_TARGET = 14.0;
				LD_RUNPATH_SEARCH_PATHS = (
					"$(inherited)",
					"@executable_path/Frameworks",
					"@loader_path/Frameworks",
				);
				PRODUCT_BUNDLE_IDENTIFIER = com.williamsantoso.ExpenseTrackerTests;
				PRODUCT_NAME = "$(TARGET_NAME)";
				SWIFT_VERSION = 5.0;
				TARGETED_DEVICE_FAMILY = "1,2";
				TEST_HOST = "$(BUILT_PRODUCTS_DIR)/ExpenseTracker.app/ExpenseTracker";
			};
			name = Release;
		};
		7A3F453D25D9303D006158B2 /* Debug */ = {
			isa = XCBuildConfiguration;
			buildSettings = {
				ALWAYS_EMBED_SWIFT_STANDARD_LIBRARIES = YES;
				CODE_SIGN_STYLE = Automatic;
				DEVELOPMENT_TEAM = 497N7524MA;
				INFOPLIST_FILE = ExpenseTrackerUITests/Info.plist;
				LD_RUNPATH_SEARCH_PATHS = (
					"$(inherited)",
					"@executable_path/Frameworks",
					"@loader_path/Frameworks",
				);
				PRODUCT_BUNDLE_IDENTIFIER = com.williamsantoso.ExpenseTrackerUITests;
				PRODUCT_NAME = "$(TARGET_NAME)";
				SWIFT_VERSION = 5.0;
				TARGETED_DEVICE_FAMILY = "1,2";
				TEST_TARGET_NAME = ExpenseTracker;
			};
			name = Debug;
		};
		7A3F453E25D9303D006158B2 /* Release */ = {
			isa = XCBuildConfiguration;
			buildSettings = {
				ALWAYS_EMBED_SWIFT_STANDARD_LIBRARIES = YES;
				CODE_SIGN_STYLE = Automatic;
				DEVELOPMENT_TEAM = 497N7524MA;
				INFOPLIST_FILE = ExpenseTrackerUITests/Info.plist;
				LD_RUNPATH_SEARCH_PATHS = (
					"$(inherited)",
					"@executable_path/Frameworks",
					"@loader_path/Frameworks",
				);
				PRODUCT_BUNDLE_IDENTIFIER = com.williamsantoso.ExpenseTrackerUITests;
				PRODUCT_NAME = "$(TARGET_NAME)";
				SWIFT_VERSION = 5.0;
				TARGETED_DEVICE_FAMILY = "1,2";
				TEST_TARGET_NAME = ExpenseTracker;
			};
			name = Release;
		};
/* End XCBuildConfiguration section */

/* Begin XCConfigurationList section */
		7A3F450725D9303B006158B2 /* Build configuration list for PBXProject "ExpenseTracker" */ = {
			isa = XCConfigurationList;
			buildConfigurations = (
				7A3F453425D9303D006158B2 /* Debug */,
				7A3F453525D9303D006158B2 /* Release */,
			);
			defaultConfigurationIsVisible = 0;
			defaultConfigurationName = Release;
		};
		7A3F453625D9303D006158B2 /* Build configuration list for PBXNativeTarget "ExpenseTracker" */ = {
			isa = XCConfigurationList;
			buildConfigurations = (
				7A3F453725D9303D006158B2 /* Debug */,
				7A3F453825D9303D006158B2 /* Release */,
			);
			defaultConfigurationIsVisible = 0;
			defaultConfigurationName = Release;
		};
		7A3F453925D9303D006158B2 /* Build configuration list for PBXNativeTarget "ExpenseTrackerTests" */ = {
			isa = XCConfigurationList;
			buildConfigurations = (
				7A3F453A25D9303D006158B2 /* Debug */,
				7A3F453B25D9303D006158B2 /* Release */,
			);
			defaultConfigurationIsVisible = 0;
			defaultConfigurationName = Release;
		};
		7A3F453C25D9303D006158B2 /* Build configuration list for PBXNativeTarget "ExpenseTrackerUITests" */ = {
			isa = XCConfigurationList;
			buildConfigurations = (
				7A3F453D25D9303D006158B2 /* Debug */,
				7A3F453E25D9303D006158B2 /* Release */,
			);
			defaultConfigurationIsVisible = 0;
			defaultConfigurationName = Release;
		};
/* End XCConfigurationList section */

/* Begin XCRemoteSwiftPackageReference section */
		7ABB1595263AA4AF00DD41EC /* XCRemoteSwiftPackageReference "realm-cocoa" */ = {
			isa = XCRemoteSwiftPackageReference;
			repositoryURL = "https://github.com/realm/realm-cocoa.git";
			requirement = {
				kind = upToNextMajorVersion;
				minimumVersion = 10.7.4;
			};
		};
/* End XCRemoteSwiftPackageReference section */

/* Begin XCSwiftPackageProductDependency section */
		7ABB1596263AA4AF00DD41EC /* Realm */ = {
			isa = XCSwiftPackageProductDependency;
			package = 7ABB1595263AA4AF00DD41EC /* XCRemoteSwiftPackageReference "realm-cocoa" */;
			productName = Realm;
		};
		7ABB1598263AA4AF00DD41EC /* RealmSwift */ = {
			isa = XCSwiftPackageProductDependency;
			package = 7ABB1595263AA4AF00DD41EC /* XCRemoteSwiftPackageReference "realm-cocoa" */;
			productName = RealmSwift;
		};
/* End XCSwiftPackageProductDependency section */

/* Begin XCVersionGroup section */
		7A3F451A25D9303D006158B2 /* ExpenseTracker.xcdatamodeld */ = {
			isa = XCVersionGroup;
			children = (
				7A3F451B25D9303D006158B2 /* ExpenseTracker.xcdatamodel */,
			);
			currentVersion = 7A3F451B25D9303D006158B2 /* ExpenseTracker.xcdatamodel */;
			path = ExpenseTracker.xcdatamodeld;
			sourceTree = "<group>";
			versionGroupType = wrapper.xcdatamodel;
		};
/* End XCVersionGroup section */
	};
	rootObject = 7A3F450425D9303B006158B2 /* Project object */;
}
